// !$*UTF8*$!
{
	archiveVersion = 1;
	classes = {
	};
	objectVersion = 50;
	objects = {

/* Begin PBXBuildFile section */
		D098E58820E8FCB1004A8452 /* AppDelegate.swift in Sources */ = {isa = PBXBuildFile; fileRef = D098E58720E8FCB1004A8452 /* AppDelegate.swift */; };
		D098E58F20E8FCB6004A8452 /* Assets.xcassets in Resources */ = {isa = PBXBuildFile; fileRef = D098E58E20E8FCB6004A8452 /* Assets.xcassets */; };
		D098E59220E8FCB6004A8452 /* LaunchScreen.storyboard in Resources */ = {isa = PBXBuildFile; fileRef = D098E59020E8FCB6004A8452 /* LaunchScreen.storyboard */; };
		D098E59B20E900BB004A8452 /* Constants.swift in Sources */ = {isa = PBXBuildFile; fileRef = D098E59A20E900BA004A8452 /* Constants.swift */; };
		D098E59D20E91748004A8452 /* Extensions.swift in Sources */ = {isa = PBXBuildFile; fileRef = D098E59C20E91748004A8452 /* Extensions.swift */; };
		D098E5A020E91797004A8452 /* LoginController.swift in Sources */ = {isa = PBXBuildFile; fileRef = D098E59F20E91797004A8452 /* LoginController.swift */; };
		D098E5A320E9186A004A8452 /* SignupController.swift in Sources */ = {isa = PBXBuildFile; fileRef = D098E5A220E9186A004A8452 /* SignupController.swift */; };
/* End PBXBuildFile section */

/* Begin PBXFileReference section */
		D098E58420E8FCB1004A8452 /* OnBank.app */ = {isa = PBXFileReference; explicitFileType = wrapper.application; includeInIndex = 0; path = OnBank.app; sourceTree = BUILT_PRODUCTS_DIR; };
		D098E58720E8FCB1004A8452 /* AppDelegate.swift */ = {isa = PBXFileReference; lastKnownFileType = sourcecode.swift; path = AppDelegate.swift; sourceTree = "<group>"; };
		D098E58E20E8FCB6004A8452 /* Assets.xcassets */ = {isa = PBXFileReference; lastKnownFileType = folder.assetcatalog; path = Assets.xcassets; sourceTree = "<group>"; };
		D098E59120E8FCB6004A8452 /* Base */ = {isa = PBXFileReference; lastKnownFileType = file.storyboard; name = Base; path = Base.lproj/LaunchScreen.storyboard; sourceTree = "<group>"; };
		D098E59320E8FCB6004A8452 /* Info.plist */ = {isa = PBXFileReference; lastKnownFileType = text.plist.xml; path = Info.plist; sourceTree = "<group>"; };
		D098E59A20E900BA004A8452 /* Constants.swift */ = {isa = PBXFileReference; lastKnownFileType = sourcecode.swift; path = Constants.swift; sourceTree = "<group>"; };
		D098E59C20E91748004A8452 /* Extensions.swift */ = {isa = PBXFileReference; lastKnownFileType = sourcecode.swift; path = Extensions.swift; sourceTree = "<group>"; };
		D098E59F20E91797004A8452 /* LoginController.swift */ = {isa = PBXFileReference; lastKnownFileType = sourcecode.swift; path = LoginController.swift; sourceTree = "<group>"; };
		D098E5A220E9186A004A8452 /* SignupController.swift */ = {isa = PBXFileReference; lastKnownFileType = sourcecode.swift; path = SignupController.swift; sourceTree = "<group>"; };
/* End PBXFileReference section */

/* Begin PBXFrameworksBuildPhase section */
		D098E58120E8FCB0004A8452 /* Frameworks */ = {
			isa = PBXFrameworksBuildPhase;
			buildActionMask = 2147483647;
			files = (
			);
			runOnlyForDeploymentPostprocessing = 0;
		};
/* End PBXFrameworksBuildPhase section */

/* Begin PBXGroup section */
		D098E57B20E8FCB0004A8452 = {
			isa = PBXGroup;
			children = (
				D098E58620E8FCB1004A8452 /* OnBank */,
				D098E58520E8FCB1004A8452 /* Products */,
			);
			sourceTree = "<group>";
		};
		D098E58520E8FCB1004A8452 /* Products */ = {
			isa = PBXGroup;
			children = (
				D098E58420E8FCB1004A8452 /* OnBank.app */,
			);
			name = Products;
			sourceTree = "<group>";
		};
		D098E58620E8FCB1004A8452 /* OnBank */ = {
			isa = PBXGroup;
			children = (
				D098E5A120E91852004A8452 /* Signup */,
				D098E59E20E9177E004A8452 /* Login */,
				D098E59920E90091004A8452 /* Utils */,
				D098E58720E8FCB1004A8452 /* AppDelegate.swift */,
				D098E58E20E8FCB6004A8452 /* Assets.xcassets */,
				D098E59020E8FCB6004A8452 /* LaunchScreen.storyboard */,
				D098E59320E8FCB6004A8452 /* Info.plist */,
			);
			path = OnBank;
			sourceTree = "<group>";
		};
		D098E59920E90091004A8452 /* Utils */ = {
			isa = PBXGroup;
			children = (
				D098E59A20E900BA004A8452 /* Constants.swift */,
				D098E59C20E91748004A8452 /* Extensions.swift */,
			);
			path = Utils;
			sourceTree = "<group>";
		};
		D098E59E20E9177E004A8452 /* Login */ = {
			isa = PBXGroup;
			children = (
				D098E59F20E91797004A8452 /* LoginController.swift */,
			);
			path = Login;
			sourceTree = "<group>";
		};
		D098E5A120E91852004A8452 /* Signup */ = {
			isa = PBXGroup;
			children = (
				D098E5A220E9186A004A8452 /* SignupController.swift */,
			);
			path = Signup;
			sourceTree = "<group>";
		};
/* End PBXGroup section */

/* Begin PBXNativeTarget section */
		D098E58320E8FCB0004A8452 /* OnBank */ = {
			isa = PBXNativeTarget;
			buildConfigurationList = D098E59620E8FCB6004A8452 /* Build configuration list for PBXNativeTarget "OnBank" */;
			buildPhases = (
				D098E58020E8FCB0004A8452 /* Sources */,
				D098E58120E8FCB0004A8452 /* Frameworks */,
				D098E58220E8FCB0004A8452 /* Resources */,
			);
			buildRules = (
			);
			dependencies = (
			);
			name = OnBank;
			productName = OnBank;
			productReference = D098E58420E8FCB1004A8452 /* OnBank.app */;
			productType = "com.apple.product-type.application";
		};
/* End PBXNativeTarget section */

/* Begin PBXProject section */
		D098E57C20E8FCB0004A8452 /* Project object */ = {
			isa = PBXProject;
			attributes = {
				LastSwiftUpdateCheck = 0930;
				LastUpgradeCheck = 0930;
				ORGANIZATIONNAME = Dokany;
				TargetAttributes = {
					D098E58320E8FCB0004A8452 = {
						CreatedOnToolsVersion = 9.3.1;
					};
				};
			};
			buildConfigurationList = D098E57F20E8FCB0004A8452 /* Build configuration list for PBXProject "OnBank" */;
			compatibilityVersion = "Xcode 9.3";
			developmentRegion = en;
			hasScannedForEncodings = 0;
			knownRegions = (
				en,
				Base,
			);
			mainGroup = D098E57B20E8FCB0004A8452;
			productRefGroup = D098E58520E8FCB1004A8452 /* Products */;
			projectDirPath = "";
			projectRoot = "";
			targets = (
				D098E58320E8FCB0004A8452 /* OnBank */,
			);
		};
/* End PBXProject section */

/* Begin PBXResourcesBuildPhase section */
		D098E58220E8FCB0004A8452 /* Resources */ = {
			isa = PBXResourcesBuildPhase;
			buildActionMask = 2147483647;
			files = (
				D098E59220E8FCB6004A8452 /* LaunchScreen.storyboard in Resources */,
				D098E58F20E8FCB6004A8452 /* Assets.xcassets in Resources */,
			);
			runOnlyForDeploymentPostprocessing = 0;
		};
/* End PBXResourcesBuildPhase section */

/* Begin PBXSourcesBuildPhase section */
		D098E58020E8FCB0004A8452 /* Sources */ = {
			isa = PBXSourcesBuildPhase;
			buildActionMask = 2147483647;
			files = (
				D098E58820E8FCB1004A8452 /* AppDelegate.swift in Sources */,
				D098E5A020E91797004A8452 /* LoginController.swift in Sources */,
				D098E59D20E91748004A8452 /* Extensions.swift in Sources */,
				D098E5A320E9186A004A8452 /* SignupController.swift in Sources */,
				D098E59B20E900BB004A8452 /* Constants.swift in Sources */,
			);
			runOnlyForDeploymentPostprocessing = 0;
		};
/* End PBXSourcesBuildPhase section */

/* Begin PBXVariantGroup section */
		D098E59020E8FCB6004A8452 /* LaunchScreen.storyboard */ = {
			isa = PBXVariantGroup;
			children = (
				D098E59120E8FCB6004A8452 /* Base */,
			);
			name = LaunchScreen.storyboard;
			sourceTree = "<group>";
		};
/* End PBXVariantGroup section */

/* Begin XCBuildConfiguration section */
		D098E59420E8FCB6004A8452 /* Debug */ = {
			isa = XCBuildConfiguration;
			buildSettings = {
				ALWAYS_SEARCH_USER_PATHS = NO;
				CLANG_ANALYZER_NONNULL = YES;
				CLANG_ANALYZER_NUMBER_OBJECT_CONVERSION = YES_AGGRESSIVE;
				CLANG_CXX_LANGUAGE_STANDARD = "gnu++14";
				CLANG_CXX_LIBRARY = "libc++";
				CLANG_ENABLE_MODULES = YES;
				CLANG_ENABLE_OBJC_ARC = YES;
				CLANG_ENABLE_OBJC_WEAK = YES;
				CLANG_WARN_BLOCK_CAPTURE_AUTORELEASING = YES;
				CLANG_WARN_BOOL_CONVERSION = YES;
				CLANG_WARN_COMMA = YES;
				CLANG_WARN_CONSTANT_CONVERSION = YES;
				CLANG_WARN_DEPRECATED_OBJC_IMPLEMENTATIONS = YES;
				CLANG_WARN_DIRECT_OBJC_ISA_USAGE = YES_ERROR;
				CLANG_WARN_DOCUMENTATION_COMMENTS = YES;
				CLANG_WARN_EMPTY_BODY = YES;
				CLANG_WARN_ENUM_CONVERSION = YES;
				CLANG_WARN_INFINITE_RECURSION = YES;
				CLANG_WARN_INT_CONVERSION = YES;
				CLANG_WARN_NON_LITERAL_NULL_CONVERSION = YES;
				CLANG_WARN_OBJC_IMPLICIT_RETAIN_SELF = YES;
				CLANG_WARN_OBJC_LITERAL_CONVERSION = YES;
				CLANG_WARN_OBJC_ROOT_CLASS = YES_ERROR;
				CLANG_WARN_RANGE_LOOP_ANALYSIS = YES;
				CLANG_WARN_STRICT_PROTOTYPES = YES;
				CLANG_WARN_SUSPICIOUS_MOVE = YES;
				CLANG_WARN_UNGUARDED_AVAILABILITY = YES_AGGRESSIVE;
				CLANG_WARN_UNREACHABLE_CODE = YES;
				CLANG_WARN__DUPLICATE_METHOD_MATCH = YES;
				CODE_SIGN_IDENTITY = "iPhone Developer";
				COPY_PHASE_STRIP = NO;
				DEBUG_INFORMATION_FORMAT = dwarf;
				ENABLE_STRICT_OBJC_MSGSEND = YES;
				ENABLE_TESTABILITY = YES;
				GCC_C_LANGUAGE_STANDARD = gnu11;
				GCC_DYNAMIC_NO_PIC = NO;
				GCC_NO_COMMON_BLOCKS = YES;
				GCC_OPTIMIZATION_LEVEL = 0;
				GCC_PREPROCESSOR_DEFINITIONS = (
					"DEBUG=1",
					"$(inherited)",
				);
				GCC_WARN_64_TO_32_BIT_CONVERSION = YES;
				GCC_WARN_ABOUT_RETURN_TYPE = YES_ERROR;
				GCC_WARN_UNDECLARED_SELECTOR = YES;
				GCC_WARN_UNINITIALIZED_AUTOS = YES_AGGRESSIVE;
				GCC_WARN_UNUSED_FUNCTION = YES;
				GCC_WARN_UNUSED_VARIABLE = YES;
				IPHONEOS_DEPLOYMENT_TARGET = 11.3;
				MTL_ENABLE_DEBUG_INFO = YES;
				ONLY_ACTIVE_ARCH = YES;
				SDKROOT = iphoneos;
				SWIFT_ACTIVE_COMPILATION_CONDITIONS = DEBUG;
				SWIFT_OPTIMIZATION_LEVEL = "-Onone";
			};
			name = Debug;
		};
		D098E59520E8FCB6004A8452 /* Release */ = {
			isa = XCBuildConfiguration;
			buildSettings = {
				ALWAYS_SEARCH_USER_PATHS = NO;
				CLANG_ANALYZER_NONNULL = YES;
				CLANG_ANALYZER_NUMBER_OBJECT_CONVERSION = YES_AGGRESSIVE;
				CLANG_CXX_LANGUAGE_STANDARD = "gnu++14";
				CLANG_CXX_LIBRARY = "libc++";
				CLANG_ENABLE_MODULES = YES;
				CLANG_ENABLE_OBJC_ARC = YES;
				CLANG_ENABLE_OBJC_WEAK = YES;
				CLANG_WARN_BLOCK_CAPTURE_AUTORELEASING = YES;
				CLANG_WARN_BOOL_CONVERSION = YES;
				CLANG_WARN_COMMA = YES;
				CLANG_WARN_CONSTANT_CONVERSION = YES;
				CLANG_WARN_DEPRECATED_OBJC_IMPLEMENTATIONS = YES;
				CLANG_WARN_DIRECT_OBJC_ISA_USAGE = YES_ERROR;
				CLANG_WARN_DOCUMENTATION_COMMENTS = YES;
				CLANG_WARN_EMPTY_BODY = YES;
				CLANG_WARN_ENUM_CONVERSION = YES;
				CLANG_WARN_INFINITE_RECURSION = YES;
				CLANG_WARN_INT_CONVERSION = YES;
				CLANG_WARN_NON_LITERAL_NULL_CONVERSION = YES;
				CLANG_WARN_OBJC_IMPLICIT_RETAIN_SELF = YES;
				CLANG_WARN_OBJC_LITERAL_CONVERSION = YES;
				CLANG_WARN_OBJC_ROOT_CLASS = YES_ERROR;
				CLANG_WARN_RANGE_LOOP_ANALYSIS = YES;
				CLANG_WARN_STRICT_PROTOTYPES = YES;
				CLANG_WARN_SUSPICIOUS_MOVE = YES;
				CLANG_WARN_UNGUARDED_AVAILABILITY = YES_AGGRESSIVE;
				CLANG_WARN_UNREACHABLE_CODE = YES;
				CLANG_WARN__DUPLICATE_METHOD_MATCH = YES;
				CODE_SIGN_IDENTITY = "iPhone Developer";
				COPY_PHASE_STRIP = NO;
				DEBUG_INFORMATION_FORMAT = "dwarf-with-dsym";
				ENABLE_NS_ASSERTIONS = NO;
				ENABLE_STRICT_OBJC_MSGSEND = YES;
				GCC_C_LANGUAGE_STANDARD = gnu11;
				GCC_NO_COMMON_BLOCKS = YES;
				GCC_WARN_64_TO_32_BIT_CONVERSION = YES;
				GCC_WARN_ABOUT_RETURN_TYPE = YES_ERROR;
				GCC_WARN_UNDECLARED_SELECTOR = YES;
				GCC_WARN_UNINITIALIZED_AUTOS = YES_AGGRESSIVE;
				GCC_WARN_UNUSED_FUNCTION = YES;
				GCC_WARN_UNUSED_VARIABLE = YES;
				IPHONEOS_DEPLOYMENT_TARGET = 11.3;
				MTL_ENABLE_DEBUG_INFO = NO;
				SDKROOT = iphoneos;
				SWIFT_COMPILATION_MODE = wholemodule;
				SWIFT_OPTIMIZATION_LEVEL = "-O";
				VALIDATE_PRODUCT = YES;
			};
			name = Release;
		};
		D098E59720E8FCB6004A8452 /* Debug */ = {
			isa = XCBuildConfiguration;
			buildSettings = {
				ASSETCATALOG_COMPILER_APPICON_NAME = AppIcon;
				CODE_SIGN_STYLE = Automatic;
				DEVELOPMENT_TEAM = XT2635Q8Z3;
				INFOPLIST_FILE = OnBank/Info.plist;
				LD_RUNPATH_SEARCH_PATHS = (
					"$(inherited)",
					"@executable_path/Frameworks",
				);
				PRODUCT_BUNDLE_IDENTIFIER = Dokany.OnBank;
				PRODUCT_NAME = "$(TARGET_NAME)";
				SWIFT_VERSION = 4.0;
				TARGETED_DEVICE_FAMILY = "1,2";
			};
			name = Debug;
		};
		D098E59820E8FCB6004A8452 /* Release */ = {
			isa = XCBuildConfiguration;
			buildSettings = {
				ASSETCATALOG_COMPILER_APPICON_NAME = AppIcon;
				CODE_SIGN_STYLE = Automatic;
				DEVELOPMENT_TEAM = XT2635Q8Z3;
				INFOPLIST_FILE = OnBank/Info.plist;
				LD_RUNPATH_SEARCH_PATHS = (
					"$(inherited)",
					"@executable_path/Frameworks",
				);
				PRODUCT_BUNDLE_IDENTIFIER = Dokany.OnBank;
				PRODUCT_NAME = "$(TARGET_NAME)";
				SWIFT_VERSION = 4.0;
				TARGETED_DEVICE_FAMILY = "1,2";
			};
			name = Release;
		};
/* End XCBuildConfiguration section */

/* Begin XCConfigurationList section */
		D098E57F20E8FCB0004A8452 /* Build configuration list for PBXProject "OnBank" */ = {
			isa = XCConfigurationList;
			buildConfigurations = (
				D098E59420E8FCB6004A8452 /* Debug */,
				D098E59520E8FCB6004A8452 /* Release */,
			);
			defaultConfigurationIsVisible = 0;
			defaultConfigurationName = Release;
		};
		D098E59620E8FCB6004A8452 /* Build configuration list for PBXNativeTarget "OnBank" */ = {
			isa = XCConfigurationList;
			buildConfigurations = (
				D098E59720E8FCB6004A8452 /* Debug */,
				D098E59820E8FCB6004A8452 /* Release */,
			);
			defaultConfigurationIsVisible = 0;
			defaultConfigurationName = Release;
		};
/* End XCConfigurationList section */
	};
	rootObject = D098E57C20E8FCB0004A8452 /* Project object */;
}
